
Microsoft Visual Studio Solution File, Format Version 12.00
# Visual Studio Version 16
VisualStudioVersion = 16.0.31205.134
MinimumVisualStudioVersion = 10.0.40219.1
Project("{FAE04EC0-301F-11D3-BF4B-00C04F79EFBC}") = "MeSeems", "MeSeems\MeSeems.csproj", "{2B4F985B-65DC-4565-A133-071230EA691A}"
EndProject
Global
	GlobalSection(SolutionConfigurationPlatforms) = preSolution
		Debug|Any CPU = Debug|Any CPU
		Release|Any CPU = Release|Any CPU
	EndGlobalSection
	GlobalSection(ProjectConfigurationPlatforms) = postSolution
		{2B4F985B-65DC-4565-A133-071230EA691A}.Debug|Any CPU.ActiveCfg = Debug|Any CPU
		{2B4F985B-65DC-4565-A133-071230EA691A}.Debug|Any CPU.Build.0 = Debug|Any CPU
		{2B4F985B-65DC-4565-A133-071230EA691A}.Release|Any CPU.ActiveCfg = Release|Any CPU
		{2B4F985B-65DC-4565-A133-071230EA691A}.Release|Any CPU.Build.0 = Release|Any CPU
	EndGlobalSection
	GlobalSection(SolutionProperties) = preSolution
		HideSolutionNode = FALSE
	EndGlobalSection
	GlobalSection(ExtensibilityGlobals) = postSolution
		SolutionGuid = {081CE6BF-3C1D-4FD1-B003-F55DAEA764FA}
	EndGlobalSection
EndGlobal
